// !$*UTF8*$!
{
	archiveVersion = 1;
	classes = {
	};
	objectVersion = 56;
	objects = {

/* Begin PBXBuildFile section */
		B9EB8C1E2A29AF50001532DF /* TCA_CounterApp.swift in Sources */ = {isa = PBXBuildFile; fileRef = B9EB8C1D2A29AF50001532DF /* TCA_CounterApp.swift */; };
		B9EB8C202A29AF50001532DF /* ContentView.swift in Sources */ = {isa = PBXBuildFile; fileRef = B9EB8C1F2A29AF50001532DF /* ContentView.swift */; };
		B9EB8C222A29AF51001532DF /* Assets.xcassets in Resources */ = {isa = PBXBuildFile; fileRef = B9EB8C212A29AF51001532DF /* Assets.xcassets */; };
		B9EB8C252A29AF51001532DF /* Preview Assets.xcassets in Resources */ = {isa = PBXBuildFile; fileRef = B9EB8C242A29AF51001532DF /* Preview Assets.xcassets */; };
		B9EB8C2F2A29AF51001532DF /* TCA_CounterTests.swift in Sources */ = {isa = PBXBuildFile; fileRef = B9EB8C2E2A29AF51001532DF /* TCA_CounterTests.swift */; };
		B9EB8C392A29AF51001532DF /* TCA_CounterUITests.swift in Sources */ = {isa = PBXBuildFile; fileRef = B9EB8C382A29AF51001532DF /* TCA_CounterUITests.swift */; };
		B9EB8C3B2A29AF51001532DF /* TCA_CounterUITestsLaunchTests.swift in Sources */ = {isa = PBXBuildFile; fileRef = B9EB8C3A2A29AF51001532DF /* TCA_CounterUITestsLaunchTests.swift */; };
/* End PBXBuildFile section */

/* Begin PBXContainerItemProxy section */
		B9EB8C2B2A29AF51001532DF /* PBXContainerItemProxy */ = {
			isa = PBXContainerItemProxy;
			containerPortal = B9EB8C122A29AF50001532DF /* Project object */;
			proxyType = 1;
			remoteGlobalIDString = B9EB8C192A29AF50001532DF;
			remoteInfo = "TCA-Counter";
		};
		B9EB8C352A29AF51001532DF /* PBXContainerItemProxy */ = {
			isa = PBXContainerItemProxy;
			containerPortal = B9EB8C122A29AF50001532DF /* Project object */;
			proxyType = 1;
			remoteGlobalIDString = B9EB8C192A29AF50001532DF;
			remoteInfo = "TCA-Counter";
		};
/* End PBXContainerItemProxy section */

/* Begin PBXFileReference section */
		B9EB8C1A2A29AF50001532DF /* TCA-Counter.app */ = {isa = PBXFileReference; explicitFileType = wrapper.application; includeInIndex = 0; path = "TCA-Counter.app"; sourceTree = BUILT_PRODUCTS_DIR; };
		B9EB8C1D2A29AF50001532DF /* TCA_CounterApp.swift */ = {isa = PBXFileReference; lastKnownFileType = sourcecode.swift; path = TCA_CounterApp.swift; sourceTree = "<group>"; };
		B9EB8C1F2A29AF50001532DF /* ContentView.swift */ = {isa = PBXFileReference; lastKnownFileType = sourcecode.swift; path = ContentView.swift; sourceTree = "<group>"; };
		B9EB8C212A29AF51001532DF /* Assets.xcassets */ = {isa = PBXFileReference; lastKnownFileType = folder.assetcatalog; path = Assets.xcassets; sourceTree = "<group>"; };
		B9EB8C242A29AF51001532DF /* Preview Assets.xcassets */ = {isa = PBXFileReference; lastKnownFileType = folder.assetcatalog; path = "Preview Assets.xcassets"; sourceTree = "<group>"; };
		B9EB8C2A2A29AF51001532DF /* TCA-CounterTests.xctest */ = {isa = PBXFileReference; explicitFileType = wrapper.cfbundle; includeInIndex = 0; path = "TCA-CounterTests.xctest"; sourceTree = BUILT_PRODUCTS_DIR; };
		B9EB8C2E2A29AF51001532DF /* TCA_CounterTests.swift */ = {isa = PBXFileReference; lastKnownFileType = sourcecode.swift; path = TCA_CounterTests.swift; sourceTree = "<group>"; };
		B9EB8C342A29AF51001532DF /* TCA-CounterUITests.xctest */ = {isa = PBXFileReference; explicitFileType = wrapper.cfbundle; includeInIndex = 0; path = "TCA-CounterUITests.xctest"; sourceTree = BUILT_PRODUCTS_DIR; };
		B9EB8C382A29AF51001532DF /* TCA_CounterUITests.swift */ = {isa = PBXFileReference; lastKnownFileType = sourcecode.swift; path = TCA_CounterUITests.swift; sourceTree = "<group>"; };
		B9EB8C3A2A29AF51001532DF /* TCA_CounterUITestsLaunchTests.swift */ = {isa = PBXFileReference; lastKnownFileType = sourcecode.swift; path = TCA_CounterUITestsLaunchTests.swift; sourceTree = "<group>"; };
/* End PBXFileReference section */

/* Begin PBXFrameworksBuildPhase section */
		B9EB8C172A29AF50001532DF /* Frameworks */ = {
			isa = PBXFrameworksBuildPhase;
			buildActionMask = 2147483647;
			files = (
			);
			runOnlyForDeploymentPostprocessing = 0;
		};
		B9EB8C272A29AF51001532DF /* Frameworks */ = {
			isa = PBXFrameworksBuildPhase;
			buildActionMask = 2147483647;
			files = (
			);
			runOnlyForDeploymentPostprocessing = 0;
		};
		B9EB8C312A29AF51001532DF /* Frameworks */ = {
			isa = PBXFrameworksBuildPhase;
			buildActionMask = 2147483647;
			files = (
			);
			runOnlyForDeploymentPostprocessing = 0;
		};
/* End PBXFrameworksBuildPhase section */

/* Begin PBXGroup section */
		B9EB8C112A29AF50001532DF = {
			isa = PBXGroup;
			children = (
				B9EB8C1C2A29AF50001532DF /* TCA-Counter */,
				B9EB8C2D2A29AF51001532DF /* TCA-CounterTests */,
				B9EB8C372A29AF51001532DF /* TCA-CounterUITests */,
				B9EB8C1B2A29AF50001532DF /* Products */,
			);
			sourceTree = "<group>";
		};
		B9EB8C1B2A29AF50001532DF /* Products */ = {
			isa = PBXGroup;
			children = (
				B9EB8C1A2A29AF50001532DF /* TCA-Counter.app */,
				B9EB8C2A2A29AF51001532DF /* TCA-CounterTests.xctest */,
				B9EB8C342A29AF51001532DF /* TCA-CounterUITests.xctest */,
			);
			name = Products;
			sourceTree = "<group>";
		};
		B9EB8C1C2A29AF50001532DF /* TCA-Counter */ = {
			isa = PBXGroup;
			children = (
				B9EB8C1D2A29AF50001532DF /* TCA_CounterApp.swift */,
				B9EB8C1F2A29AF50001532DF /* ContentView.swift */,
				B9EB8C212A29AF51001532DF /* Assets.xcassets */,
				B9EB8C232A29AF51001532DF /* Preview Content */,
			);
			path = "TCA-Counter";
			sourceTree = "<group>";
		};
		B9EB8C232A29AF51001532DF /* Preview Content */ = {
			isa = PBXGroup;
			children = (
				B9EB8C242A29AF51001532DF /* Preview Assets.xcassets */,
			);
			path = "Preview Content";
			sourceTree = "<group>";
		};
		B9EB8C2D2A29AF51001532DF /* TCA-CounterTests */ = {
			isa = PBXGroup;
			children = (
				B9EB8C2E2A29AF51001532DF /* TCA_CounterTests.swift */,
			);
			path = "TCA-CounterTests";
			sourceTree = "<group>";
		};
		B9EB8C372A29AF51001532DF /* TCA-CounterUITests */ = {
			isa = PBXGroup;
			children = (
				B9EB8C382A29AF51001532DF /* TCA_CounterUITests.swift */,
				B9EB8C3A2A29AF51001532DF /* TCA_CounterUITestsLaunchTests.swift */,
			);
			path = "TCA-CounterUITests";
			sourceTree = "<group>";
		};
/* End PBXGroup section */

/* Begin PBXNativeTarget section */
		B9EB8C192A29AF50001532DF /* TCA-Counter */ = {
			isa = PBXNativeTarget;
			buildConfigurationList = B9EB8C3E2A29AF51001532DF /* Build configuration list for PBXNativeTarget "TCA-Counter" */;
			buildPhases = (
				B9EB8C162A29AF50001532DF /* Sources */,
				B9EB8C172A29AF50001532DF /* Frameworks */,
				B9EB8C182A29AF50001532DF /* Resources */,
			);
			buildRules = (
			);
			dependencies = (
			);
			name = "TCA-Counter";
			productName = "TCA-Counter";
			productReference = B9EB8C1A2A29AF50001532DF /* TCA-Counter.app */;
			productType = "com.apple.product-type.application";
		};
		B9EB8C292A29AF51001532DF /* TCA-CounterTests */ = {
			isa = PBXNativeTarget;
			buildConfigurationList = B9EB8C412A29AF51001532DF /* Build configuration list for PBXNativeTarget "TCA-CounterTests" */;
			buildPhases = (
				B9EB8C262A29AF51001532DF /* Sources */,
				B9EB8C272A29AF51001532DF /* Frameworks */,
				B9EB8C282A29AF51001532DF /* Resources */,
			);
			buildRules = (
			);
			dependencies = (
				B9EB8C2C2A29AF51001532DF /* PBXTargetDependency */,
			);
			name = "TCA-CounterTests";
			productName = "TCA-CounterTests";
			productReference = B9EB8C2A2A29AF51001532DF /* TCA-CounterTests.xctest */;
			productType = "com.apple.product-type.bundle.unit-test";
		};
		B9EB8C332A29AF51001532DF /* TCA-CounterUITests */ = {
			isa = PBXNativeTarget;
			buildConfigurationList = B9EB8C442A29AF51001532DF /* Build configuration list for PBXNativeTarget "TCA-CounterUITests" */;
			buildPhases = (
				B9EB8C302A29AF51001532DF /* Sources */,
				B9EB8C312A29AF51001532DF /* Frameworks */,
				B9EB8C322A29AF51001532DF /* Resources */,
			);
			buildRules = (
			);
			dependencies = (
				B9EB8C362A29AF51001532DF /* PBXTargetDependency */,
			);
			name = "TCA-CounterUITests";
			productName = "TCA-CounterUITests";
			productReference = B9EB8C342A29AF51001532DF /* TCA-CounterUITests.xctest */;
			productType = "com.apple.product-type.bundle.ui-testing";
		};
/* End PBXNativeTarget section */

/* Begin PBXProject section */
		B9EB8C122A29AF50001532DF /* Project object */ = {
			isa = PBXProject;
			attributes = {
				BuildIndependentTargetsInParallel = 1;
				LastSwiftUpdateCheck = 1430;
				LastUpgradeCheck = 1430;
				TargetAttributes = {
					B9EB8C192A29AF50001532DF = {
						CreatedOnToolsVersion = 14.3;
					};
					B9EB8C292A29AF51001532DF = {
						CreatedOnToolsVersion = 14.3;
						TestTargetID = B9EB8C192A29AF50001532DF;
					};
					B9EB8C332A29AF51001532DF = {
						CreatedOnToolsVersion = 14.3;
						TestTargetID = B9EB8C192A29AF50001532DF;
					};
				};
			};
			buildConfigurationList = B9EB8C152A29AF50001532DF /* Build configuration list for PBXProject "TCA-Counter" */;
			compatibilityVersion = "Xcode 14.0";
			developmentRegion = en;
			hasScannedForEncodings = 0;
			knownRegions = (
				en,
				Base,
			);
			mainGroup = B9EB8C112A29AF50001532DF;
			productRefGroup = B9EB8C1B2A29AF50001532DF /* Products */;
			projectDirPath = "";
			projectRoot = "";
			targets = (
				B9EB8C192A29AF50001532DF /* TCA-Counter */,
				B9EB8C292A29AF51001532DF /* TCA-CounterTests */,
				B9EB8C332A29AF51001532DF /* TCA-CounterUITests */,
			);
		};
/* End PBXProject section */

/* Begin PBXResourcesBuildPhase section */
		B9EB8C182A29AF50001532DF /* Resources */ = {
			isa = PBXResourcesBuildPhase;
			buildActionMask = 2147483647;
			files = (
				B9EB8C252A29AF51001532DF /* Preview Assets.xcassets in Resources */,
				B9EB8C222A29AF51001532DF /* Assets.xcassets in Resources */,
			);
			runOnlyForDeploymentPostprocessing = 0;
		};
		B9EB8C282A29AF51001532DF /* Resources */ = {
			isa = PBXResourcesBuildPhase;
			buildActionMask = 2147483647;
			files = (
			);
			runOnlyForDeploymentPostprocessing = 0;
		};
		B9EB8C322A29AF51001532DF /* Resources */ = {
			isa = PBXResourcesBuildPhase;
			buildActionMask = 2147483647;
			files = (
			);
			runOnlyForDeploymentPostprocessing = 0;
		};
/* End PBXResourcesBuildPhase section */

/* Begin PBXSourcesBuildPhase section */
		B9EB8C162A29AF50001532DF /* Sources */ = {
			isa = PBXSourcesBuildPhase;
			buildActionMask = 2147483647;
			files = (
				B9EB8C202A29AF50001532DF /* ContentView.swift in Sources */,
				B9EB8C1E2A29AF50001532DF /* TCA_CounterApp.swift in Sources */,
			);
			runOnlyForDeploymentPostprocessing = 0;
		};
		B9EB8C262A29AF51001532DF /* Sources */ = {
			isa = PBXSourcesBuildPhase;
			buildActionMask = 2147483647;
			files = (
				B9EB8C2F2A29AF51001532DF /* TCA_CounterTests.swift in Sources */,
			);
			runOnlyForDeploymentPostprocessing = 0;
		};
		B9EB8C302A29AF51001532DF /* Sources */ = {
			isa = PBXSourcesBuildPhase;
			buildActionMask = 2147483647;
			files = (
				B9EB8C3B2A29AF51001532DF /* TCA_CounterUITestsLaunchTests.swift in Sources */,
				B9EB8C392A29AF51001532DF /* TCA_CounterUITests.swift in Sources */,
			);
			runOnlyForDeploymentPostprocessing = 0;
		};
/* End PBXSourcesBuildPhase section */

/* Begin PBXTargetDependency section */
		B9EB8C2C2A29AF51001532DF /* PBXTargetDependency */ = {
			isa = PBXTargetDependency;
			target = B9EB8C192A29AF50001532DF /* TCA-Counter */;
			targetProxy = B9EB8C2B2A29AF51001532DF /* PBXContainerItemProxy */;
		};
		B9EB8C362A29AF51001532DF /* PBXTargetDependency */ = {
			isa = PBXTargetDependency;
			target = B9EB8C192A29AF50001532DF /* TCA-Counter */;
			targetProxy = B9EB8C352A29AF51001532DF /* PBXContainerItemProxy */;
		};
/* End PBXTargetDependency section */

/* Begin XCBuildConfiguration section */
		B9EB8C3C2A29AF51001532DF /* Debug */ = {
			isa = XCBuildConfiguration;
			buildSettings = {
				ALWAYS_SEARCH_USER_PATHS = NO;
				CLANG_ANALYZER_NONNULL = YES;
				CLANG_ANALYZER_NUMBER_OBJECT_CONVERSION = YES_AGGRESSIVE;
				CLANG_CXX_LANGUAGE_STANDARD = "gnu++20";
				CLANG_ENABLE_MODULES = YES;
				CLANG_ENABLE_OBJC_ARC = YES;
				CLANG_ENABLE_OBJC_WEAK = YES;
				CLANG_WARN_BLOCK_CAPTURE_AUTORELEASING = YES;
				CLANG_WARN_BOOL_CONVERSION = YES;
				CLANG_WARN_COMMA = YES;
				CLANG_WARN_CONSTANT_CONVERSION = YES;
				CLANG_WARN_DEPRECATED_OBJC_IMPLEMENTATIONS = YES;
				CLANG_WARN_DIRECT_OBJC_ISA_USAGE = YES_ERROR;
				CLANG_WARN_DOCUMENTATION_COMMENTS = YES;
				CLANG_WARN_EMPTY_BODY = YES;
				CLANG_WARN_ENUM_CONVERSION = YES;
				CLANG_WARN_INFINITE_RECURSION = YES;
				CLANG_WARN_INT_CONVERSION = YES;
				CLANG_WARN_NON_LITERAL_NULL_CONVERSION = YES;
				CLANG_WARN_OBJC_IMPLICIT_RETAIN_SELF = YES;
				CLANG_WARN_OBJC_LITERAL_CONVERSION = YES;
				CLANG_WARN_OBJC_ROOT_CLASS = YES_ERROR;
				CLANG_WARN_QUOTED_INCLUDE_IN_FRAMEWORK_HEADER = YES;
				CLANG_WARN_RANGE_LOOP_ANALYSIS = YES;
				CLANG_WARN_STRICT_PROTOTYPES = YES;
				CLANG_WARN_SUSPICIOUS_MOVE = YES;
				CLANG_WARN_UNGUARDED_AVAILABILITY = YES_AGGRESSIVE;
				CLANG_WARN_UNREACHABLE_CODE = YES;
				CLANG_WARN__DUPLICATE_METHOD_MATCH = YES;
				COPY_PHASE_STRIP = NO;
				DEBUG_INFORMATION_FORMAT = dwarf;
				ENABLE_STRICT_OBJC_MSGSEND = YES;
				ENABLE_TESTABILITY = YES;
				GCC_C_LANGUAGE_STANDARD = gnu11;
				GCC_DYNAMIC_NO_PIC = NO;
				GCC_NO_COMMON_BLOCKS = YES;
				GCC_OPTIMIZATION_LEVEL = 0;
				GCC_PREPROCESSOR_DEFINITIONS = (
					"DEBUG=1",
					"$(inherited)",
				);
				GCC_WARN_64_TO_32_BIT_CONVERSION = YES;
				GCC_WARN_ABOUT_RETURN_TYPE = YES_ERROR;
				GCC_WARN_UNDECLARED_SELECTOR = YES;
				GCC_WARN_UNINITIALIZED_AUTOS = YES_AGGRESSIVE;
				GCC_WARN_UNUSED_FUNCTION = YES;
				GCC_WARN_UNUSED_VARIABLE = YES;
				IPHONEOS_DEPLOYMENT_TARGET = 16.4;
				MTL_ENABLE_DEBUG_INFO = INCLUDE_SOURCE;
				MTL_FAST_MATH = YES;
				ONLY_ACTIVE_ARCH = YES;
				SDKROOT = iphoneos;
				SWIFT_ACTIVE_COMPILATION_CONDITIONS = DEBUG;
				SWIFT_OPTIMIZATION_LEVEL = "-Onone";
			};
			name = Debug;
		};
		B9EB8C3D2A29AF51001532DF /* Release */ = {
			isa = XCBuildConfiguration;
			buildSettings = {
				ALWAYS_SEARCH_USER_PATHS = NO;
				CLANG_ANALYZER_NONNULL = YES;
				CLANG_ANALYZER_NUMBER_OBJECT_CONVERSION = YES_AGGRESSIVE;
				CLANG_CXX_LANGUAGE_STANDARD = "gnu++20";
				CLANG_ENABLE_MODULES = YES;
				CLANG_ENABLE_OBJC_ARC = YES;
				CLANG_ENABLE_OBJC_WEAK = YES;
				CLANG_WARN_BLOCK_CAPTURE_AUTORELEASING = YES;
				CLANG_WARN_BOOL_CONVERSION = YES;
				CLANG_WARN_COMMA = YES;
				CLANG_WARN_CONSTANT_CONVERSION = YES;
				CLANG_WARN_DEPRECATED_OBJC_IMPLEMENTATIONS = YES;
				CLANG_WARN_DIRECT_OBJC_ISA_USAGE = YES_ERROR;
				CLANG_WARN_DOCUMENTATION_COMMENTS = YES;
				CLANG_WARN_EMPTY_BODY = YES;
				CLANG_WARN_ENUM_CONVERSION = YES;
				CLANG_WARN_INFINITE_RECURSION = YES;
				CLANG_WARN_INT_CONVERSION = YES;
				CLANG_WARN_NON_LITERAL_NULL_CONVERSION = YES;
				CLANG_WARN_OBJC_IMPLICIT_RETAIN_SELF = YES;
				CLANG_WARN_OBJC_LITERAL_CONVERSION = YES;
				CLANG_WARN_OBJC_ROOT_CLASS = YES_ERROR;
				CLANG_WARN_QUOTED_INCLUDE_IN_FRAMEWORK_HEADER = YES;
				CLANG_WARN_RANGE_LOOP_ANALYSIS = YES;
				CLANG_WARN_STRICT_PROTOTYPES = YES;
				CLANG_WARN_SUSPICIOUS_MOVE = YES;
				CLANG_WARN_UNGUARDED_AVAILABILITY = YES_AGGRESSIVE;
				CLANG_WARN_UNREACHABLE_CODE = YES;
				CLANG_WARN__DUPLICATE_METHOD_MATCH = YES;
				COPY_PHASE_STRIP = NO;
				DEBUG_INFORMATION_FORMAT = "dwarf-with-dsym";
				ENABLE_NS_ASSERTIONS = NO;
				ENABLE_STRICT_OBJC_MSGSEND = YES;
				GCC_C_LANGUAGE_STANDARD = gnu11;
				GCC_NO_COMMON_BLOCKS = YES;
				GCC_WARN_64_TO_32_BIT_CONVERSION = YES;
				GCC_WARN_ABOUT_RETURN_TYPE = YES_ERROR;
				GCC_WARN_UNDECLARED_SELECTOR = YES;
				GCC_WARN_UNINITIALIZED_AUTOS = YES_AGGRESSIVE;
				GCC_WARN_UNUSED_FUNCTION = YES;
				GCC_WARN_UNUSED_VARIABLE = YES;
				IPHONEOS_DEPLOYMENT_TARGET = 16.4;
				MTL_ENABLE_DEBUG_INFO = NO;
				MTL_FAST_MATH = YES;
				SDKROOT = iphoneos;
				SWIFT_COMPILATION_MODE = wholemodule;
				SWIFT_OPTIMIZATION_LEVEL = "-O";
				VALIDATE_PRODUCT = YES;
			};
			name = Release;
		};
		B9EB8C3F2A29AF51001532DF /* Debug */ = {
			isa = XCBuildConfiguration;
			buildSettings = {
				ASSETCATALOG_COMPILER_APPICON_NAME = AppIcon;
				ASSETCATALOG_COMPILER_GLOBAL_ACCENT_COLOR_NAME = AccentColor;
				CODE_SIGN_STYLE = Automatic;
				CURRENT_PROJECT_VERSION = 1;
				DEVELOPMENT_ASSET_PATHS = "\"TCA-Counter/Preview Content\"";
				DEVELOPMENT_TEAM = J7MH5N2BKX;
				ENABLE_PREVIEWS = YES;
				GENERATE_INFOPLIST_FILE = YES;
				INFOPLIST_KEY_UIApplicationSceneManifest_Generation = YES;
				INFOPLIST_KEY_UIApplicationSupportsIndirectInputEvents = YES;
				INFOPLIST_KEY_UILaunchScreen_Generation = YES;
				INFOPLIST_KEY_UISupportedInterfaceOrientations = UIInterfaceOrientationPortrait;
				INFOPLIST_KEY_UISupportedInterfaceOrientations_iPad = "UIInterfaceOrientationLandscapeLeft UIInterfaceOrientationLandscapeRight UIInterfaceOrientationPortrait UIInterfaceOrientationPortraitUpsideDown";
				IPHONEOS_DEPLOYMENT_TARGET = 16.0;
				LD_RUNPATH_SEARCH_PATHS = (
					"$(inherited)",
					"@executable_path/Frameworks",
				);
				MARKETING_VERSION = 1.0;
				PRODUCT_BUNDLE_IDENTIFIER = "com.byoungil.youn.TCA-Counter";
				PRODUCT_NAME = "$(TARGET_NAME)";
				SUPPORTED_PLATFORMS = "iphoneos iphonesimulator";
				SUPPORTS_MACCATALYST = NO;
				SUPPORTS_MAC_DESIGNED_FOR_IPHONE_IPAD = NO;
				SWIFT_EMIT_LOC_STRINGS = YES;
				SWIFT_VERSION = 5.0;
				TARGETED_DEVICE_FAMILY = 1;
			};
			name = Debug;
		};
		B9EB8C402A29AF51001532DF /* Release */ = {
			isa = XCBuildConfiguration;
			buildSettings = {
				ASSETCATALOG_COMPILER_APPICON_NAME = AppIcon;
				ASSETCATALOG_COMPILER_GLOBAL_ACCENT_COLOR_NAME = AccentColor;
				CODE_SIGN_STYLE = Automatic;
				CURRENT_PROJECT_VERSION = 1;
				DEVELOPMENT_ASSET_PATHS = "\"TCA-Counter/Preview Content\"";
				DEVELOPMENT_TEAM = J7MH5N2BKX;
				ENABLE_PREVIEWS = YES;
				GENERATE_INFOPLIST_FILE = YES;
				INFOPLIST_KEY_UIApplicationSceneManifest_Generation = YES;
				INFOPLIST_KEY_UIApplicationSupportsIndirectInputEvents = YES;
				INFOPLIST_KEY_UILaunchScreen_Generation = YES;
				INFOPLIST_KEY_UISupportedInterfaceOrientations = UIInterfaceOrientationPortrait;
				INFOPLIST_KEY_UISupportedInterfaceOrientations_iPad = "UIInterfaceOrientationLandscapeLeft UIInterfaceOrientationLandscapeRight UIInterfaceOrientationPortrait UIInterfaceOrientationPortraitUpsideDown";
				IPHONEOS_DEPLOYMENT_TARGET = 16.0;
				LD_RUNPATH_SEARCH_PATHS = (
					"$(inherited)",
					"@executable_path/Frameworks",
				);
				MARKETING_VERSION = 1.0;
				PRODUCT_BUNDLE_IDENTIFIER = "com.byoungil.youn.TCA-Counter";
				PRODUCT_NAME = "$(TARGET_NAME)";
				SUPPORTED_PLATFORMS = "iphoneos iphonesimulator";
				SUPPORTS_MACCATALYST = NO;
				SUPPORTS_MAC_DESIGNED_FOR_IPHONE_IPAD = NO;
				SWIFT_EMIT_LOC_STRINGS = YES;
				SWIFT_VERSION = 5.0;
				TARGETED_DEVICE_FAMILY = 1;
			};
			name = Release;
		};
		B9EB8C422A29AF51001532DF /* Debug */ = {
			isa = XCBuildConfiguration;
			buildSettings = {
				ALWAYS_EMBED_SWIFT_STANDARD_LIBRARIES = YES;
				BUNDLE_LOADER = "$(TEST_HOST)";
				CODE_SIGN_STYLE = Automatic;
				CURRENT_PROJECT_VERSION = 1;
				DEVELOPMENT_TEAM = J7MH5N2BKX;
				GENERATE_INFOPLIST_FILE = YES;
				IPHONEOS_DEPLOYMENT_TARGET = 16.4;
				MARKETING_VERSION = 1.0;
				PRODUCT_BUNDLE_IDENTIFIER = "com.byoungil.youn.TCA-CounterTests";
				PRODUCT_NAME = "$(TARGET_NAME)";
				SWIFT_EMIT_LOC_STRINGS = NO;
				SWIFT_VERSION = 5.0;
				TARGETED_DEVICE_FAMILY = "1,2";
				TEST_HOST = "$(BUILT_PRODUCTS_DIR)/TCA-Counter.app/$(BUNDLE_EXECUTABLE_FOLDER_PATH)/TCA-Counter";
			};
			name = Debug;
		};
		B9EB8C432A29AF51001532DF /* Release */ = {
			isa = XCBuildConfiguration;
			buildSettings = {
				ALWAYS_EMBED_SWIFT_STANDARD_LIBRARIES = YES;
				BUNDLE_LOADER = "$(TEST_HOST)";
				CODE_SIGN_STYLE = Automatic;
				CURRENT_PROJECT_VERSION = 1;
				DEVELOPMENT_TEAM = J7MH5N2BKX;
				GENERATE_INFOPLIST_FILE = YES;
				IPHONEOS_DEPLOYMENT_TARGET = 16.4;
				MARKETING_VERSION = 1.0;
				PRODUCT_BUNDLE_IDENTIFIER = "com.byoungil.youn.TCA-CounterTests";
				PRODUCT_NAME = "$(TARGET_NAME)";
				SWIFT_EMIT_LOC_STRINGS = NO;
				SWIFT_VERSION = 5.0;
				TARGETED_DEVICE_FAMILY = "1,2";
				TEST_HOST = "$(BUILT_PRODUCTS_DIR)/TCA-Counter.app/$(BUNDLE_EXECUTABLE_FOLDER_PATH)/TCA-Counter";
			};
			name = Release;
		};
		B9EB8C452A29AF51001532DF /* Debug */ = {
			isa = XCBuildConfiguration;
			buildSettings = {
				ALWAYS_EMBED_SWIFT_STANDARD_LIBRARIES = YES;
				CODE_SIGN_STYLE = Automatic;
				CURRENT_PROJECT_VERSION = 1;
				DEVELOPMENT_TEAM = J7MH5N2BKX;
				GENERATE_INFOPLIST_FILE = YES;
				MARKETING_VERSION = 1.0;
				PRODUCT_BUNDLE_IDENTIFIER = "com.byoungil.youn.TCA-CounterUITests";
				PRODUCT_NAME = "$(TARGET_NAME)";
				SWIFT_EMIT_LOC_STRINGS = NO;
				SWIFT_VERSION = 5.0;
				TARGETED_DEVICE_FAMILY = "1,2";
				TEST_TARGET_NAME = "TCA-Counter";
			};
			name = Debug;
		};
		B9EB8C462A29AF51001532DF /* Release */ = {
			isa = XCBuildConfiguration;
			buildSettings = {
				ALWAYS_EMBED_SWIFT_STANDARD_LIBRARIES = YES;
				CODE_SIGN_STYLE = Automatic;
				CURRENT_PROJECT_VERSION = 1;
				DEVELOPMENT_TEAM = J7MH5N2BKX;
				GENERATE_INFOPLIST_FILE = YES;
				MARKETING_VERSION = 1.0;
				PRODUCT_BUNDLE_IDENTIFIER = "com.byoungil.youn.TCA-CounterUITests";
				PRODUCT_NAME = "$(TARGET_NAME)";
				SWIFT_EMIT_LOC_STRINGS = NO;
				SWIFT_VERSION = 5.0;
				TARGETED_DEVICE_FAMILY = "1,2";
				TEST_TARGET_NAME = "TCA-Counter";
			};
			name = Release;
		};
/* End XCBuildConfiguration section */

/* Begin XCConfigurationList section */
		B9EB8C152A29AF50001532DF /* Build configuration list for PBXProject "TCA-Counter" */ = {
			isa = XCConfigurationList;
			buildConfigurations = (
				B9EB8C3C2A29AF51001532DF /* Debug */,
				B9EB8C3D2A29AF51001532DF /* Release */,
			);
			defaultConfigurationIsVisible = 0;
			defaultConfigurationName = Release;
		};
		B9EB8C3E2A29AF51001532DF /* Build configuration list for PBXNativeTarget "TCA-Counter" */ = {
			isa = XCConfigurationList;
			buildConfigurations = (
				B9EB8C3F2A29AF51001532DF /* Debug */,
				B9EB8C402A29AF51001532DF /* Release */,
			);
			defaultConfigurationIsVisible = 0;
			defaultConfigurationName = Release;
		};
		B9EB8C412A29AF51001532DF /* Build configuration list for PBXNativeTarget "TCA-CounterTests" */ = {
			isa = XCConfigurationList;
			buildConfigurations = (
				B9EB8C422A29AF51001532DF /* Debug */,
				B9EB8C432A29AF51001532DF /* Release */,
			);
			defaultConfigurationIsVisible = 0;
			defaultConfigurationName = Release;
		};
		B9EB8C442A29AF51001532DF /* Build configuration list for PBXNativeTarget "TCA-CounterUITests" */ = {
			isa = XCConfigurationList;
			buildConfigurations = (
				B9EB8C452A29AF51001532DF /* Debug */,
				B9EB8C462A29AF51001532DF /* Release */,
			);
			defaultConfigurationIsVisible = 0;
			defaultConfigurationName = Release;
		};
/* End XCConfigurationList section */
	};
	rootObject = B9EB8C122A29AF50001532DF /* Project object */;
}
